
Microsoft Visual Studio Solution File, Format Version 12.00
# Visual Studio Version 17
VisualStudioVersion = 17.9.34728.123
MinimumVisualStudioVersion = 10.0.40219.1
Project("{FAE04EC0-301F-11D3-BF4B-00C04F79EFBC}") = "csharp-lista-indirizzi", "csharp-lista-indirizzi\csharp-lista-indirizzi.csproj", "{1BC9CD95-FECF-4468-9233-23C4E6BD1B4F}"
EndProject
Global
	GlobalSection(SolutionConfigurationPlatforms) = preSolution
		Debug|Any CPU = Debug|Any CPU
		Release|Any CPU = Release|Any CPU
	EndGlobalSection
	GlobalSection(ProjectConfigurationPlatforms) = postSolution
		{1BC9CD95-FECF-4468-9233-23C4E6BD1B4F}.Debug|Any CPU.ActiveCfg = Debug|Any CPU
		{1BC9CD95-FECF-4468-9233-23C4E6BD1B4F}.Debug|Any CPU.Build.0 = Debug|Any CPU
		{1BC9CD95-FECF-4468-9233-23C4E6BD1B4F}.Release|Any CPU.ActiveCfg = Release|Any CPU
		{1BC9CD95-FECF-4468-9233-23C4E6BD1B4F}.Release|Any CPU.Build.0 = Release|Any CPU
	EndGlobalSection
	GlobalSection(SolutionProperties) = preSolution
		HideSolutionNode = FALSE
	EndGlobalSection
	GlobalSection(ExtensibilityGlobals) = postSolution
		SolutionGuid = {B708FBEE-68E7-41FE-8064-B63605086602}
	EndGlobalSection
EndGlobal
